
Microsoft Visual Studio Solution File, Format Version 12.00
# Visual Studio Version 17
VisualStudioVersion = 17.8.34316.72
MinimumVisualStudioVersion = 10.0.40219.1
Project("{9A19103F-16F7-4668-BE54-9A1E7A4F7556}") = "MyFinances", "MyFinances.csproj", "{3EC3846C-BEED-4176-B61F-D8940C9971CA}"
EndProject
Project("{FAE04EC0-301F-11D3-BF4B-00C04F79EFBC}") = "MyFinances.Core", "..\MyFinances.Core\MyFinances.Core.csproj", "{9D3B4F47-0CEB-4629-9978-9649D0AA6CBD}"
EndProject
Global
	GlobalSection(SolutionConfigurationPlatforms) = preSolution
		Debug|Any CPU = Debug|Any CPU
		Release|Any CPU = Release|Any CPU
	EndGlobalSection
	GlobalSection(ProjectConfigurationPlatforms) = postSolution
		{3EC3846C-BEED-4176-B61F-D8940C9971CA}.Debug|Any CPU.ActiveCfg = Debug|Any CPU
		{3EC3846C-BEED-4176-B61F-D8940C9971CA}.Debug|Any CPU.Build.0 = Debug|Any CPU
		{3EC3846C-BEED-4176-B61F-D8940C9971CA}.Release|Any CPU.ActiveCfg = Release|Any CPU
		{3EC3846C-BEED-4176-B61F-D8940C9971CA}.Release|Any CPU.Build.0 = Release|Any CPU
		{9D3B4F47-0CEB-4629-9978-9649D0AA6CBD}.Debug|Any CPU.ActiveCfg = Debug|Any CPU
		{9D3B4F47-0CEB-4629-9978-9649D0AA6CBD}.Debug|Any CPU.Build.0 = Debug|Any CPU
		{9D3B4F47-0CEB-4629-9978-9649D0AA6CBD}.Release|Any CPU.ActiveCfg = Release|Any CPU
		{9D3B4F47-0CEB-4629-9978-9649D0AA6CBD}.Release|Any CPU.Build.0 = Release|Any CPU
	EndGlobalSection
	GlobalSection(SolutionProperties) = preSolution
		HideSolutionNode = FALSE
	EndGlobalSection
	GlobalSection(ExtensibilityGlobals) = postSolution
		SolutionGuid = {411F0529-9C2E-441C-9445-8C15C3141CE4}
	EndGlobalSection
EndGlobal
